
Microsoft Visual Studio Solution File, Format Version 12.00
# Visual Studio Version 16
VisualStudioVersion = 16.0.30517.126
MinimumVisualStudioVersion = 10.0.40219.1
Project("{8BC9CEB8-8B4A-11D0-8D11-00A0C91BC942}") = "Separates4All", "Separates4All\Separates4All.vcxproj", "{FA1723E7-4D90-4F28-9F54-CDF81D66AE84}"
EndProject
Global
	GlobalSection(SolutionConfigurationPlatforms) = preSolution
		Debug|x64 = Debug|x64
		Debug|x86 = Debug|x86
		Release|x64 = Release|x64
		Release|x86 = Release|x86
	EndGlobalSection
	GlobalSection(ProjectConfigurationPlatforms) = postSolution
		{FA1723E7-4D90-4F28-9F54-CDF81D66AE84}.Debug|x64.ActiveCfg = Debug|x64
		{FA1723E7-4D90-4F28-9F54-CDF81D66AE84}.Debug|x64.Build.0 = Debug|x64
		{FA1723E7-4D90-4F28-9F54-CDF81D66AE84}.Debug|x86.ActiveCfg = Debug|Win32
		{FA1723E7-4D90-4F28-9F54-CDF81D66AE84}.Debug|x86.Build.0 = Debug|Win32
		{FA1723E7-4D90-4F28-9F54-CDF81D66AE84}.Release|x64.ActiveCfg = Release|x64
		{FA1723E7-4D90-4F28-9F54-CDF81D66AE84}.Release|x64.Build.0 = Release|x64
		{FA1723E7-4D90-4F28-9F54-CDF81D66AE84}.Release|x86.ActiveCfg = Release|Win32
		{FA1723E7-4D90-4F28-9F54-CDF81D66AE84}.Release|x86.Build.0 = Release|Win32
	EndGlobalSection
	GlobalSection(SolutionProperties) = preSolution
		HideSolutionNode = FALSE
	EndGlobalSection
	GlobalSection(ExtensibilityGlobals) = postSolution
		SolutionGuid = {D5DD1C69-EFF3-4626-8537-566F6F054CF1}
	EndGlobalSection
EndGlobal
